
Microsoft Visual Studio Solution File, Format Version 12.00
Project("{2150E333-8FDC-42A3-9474-1A3956D46DE8}") = "Customers", "Customers", "{2805B02B-EED0-42F3-93AA-EC90DE9149B2}"
EndProject
Project("{FAE04EC0-301F-11D3-BF4B-00C04F79EFBC}") = "Customers.Api", "Customers.Api\Customers.Api.csproj", "{CB4673C6-A00E-42C9-ACBB-DFE4ED4711D8}"
EndProject
Project("{FAE04EC0-301F-11D3-BF4B-00C04F79EFBC}") = "Customers.Application", "Customers.Application\Customers.Application.csproj", "{AD605DDD-3A3F-4059-BBF1-A886C723F3C2}"
EndProject
Project("{FAE04EC0-301F-11D3-BF4B-00C04F79EFBC}") = "Customers.Persistence", "Customers.Persistence\Customers.Persistence.csproj", "{472CDDD3-17B9-41AB-83F4-7FD3E6969AF2}"
EndProject
Project("{FAE04EC0-301F-11D3-BF4B-00C04F79EFBC}") = "Customers.Domain", "Customers.Domain\Customers.Domain.csproj", "{1E0F7C23-8040-4C60-B373-F8DC34B0343E}"
EndProject
Project("{FAE04EC0-301F-11D3-BF4B-00C04F79EFBC}") = "Customers.Infrastructure", "Customers.Infrastructure\Customers.Infrastructure.csproj", "{29E651D2-B772-40AC-9667-2C0A88F39A19}"
EndProject
Project("{FAE04EC0-301F-11D3-BF4B-00C04F79EFBC}") = "Customers.Tests", "Customers.Tests\Customers.Tests.csproj", "{84CFBDB6-F5D6-4DF0-8FA5-1A13ADE2499C}"
EndProject
Project("{2150E333-8FDC-42A3-9474-1A3956D46DE8}") = "Accounts", "Accounts", "{00ED5F69-CABC-4F56-AEED-EE1994E28489}"
EndProject
Project("{FAE04EC0-301F-11D3-BF4B-00C04F79EFBC}") = "Accounts.Api", "Accounts.Api\Accounts.Api.csproj", "{0EA95E7C-D077-4F72-90CF-F1B8E9ABF600}"
EndProject
Project("{FAE04EC0-301F-11D3-BF4B-00C04F79EFBC}") = "Accounts.Application", "Accounts.Application\Accounts.Application.csproj", "{24D27A4E-D1BA-4F1A-A22E-E784180D9EA0}"
EndProject
Project("{FAE04EC0-301F-11D3-BF4B-00C04F79EFBC}") = "Accounts.Domain", "Accounts.Domain\Accounts.Domain.csproj", "{2D98024A-7B10-427E-A43F-C5783E8432E5}"
EndProject
Project("{FAE04EC0-301F-11D3-BF4B-00C04F79EFBC}") = "Accounts.Infrastructure", "Accounts.Infrastructure\Accounts.Infrastructure.csproj", "{359521CA-F8ED-4785-9699-7DEFFC07D429}"
EndProject
Project("{FAE04EC0-301F-11D3-BF4B-00C04F79EFBC}") = "Accounts.Persistence", "Accounts.Persistence\Accounts.Persistence.csproj", "{A952CB09-F450-47CC-9144-3779C5C4716E}"
EndProject
Project("{FAE04EC0-301F-11D3-BF4B-00C04F79EFBC}") = "Accounts.Tests", "Accounts.Tests\Accounts.Tests.csproj", "{EAAFADFC-5312-467E-B87F-B5CA98B71B64}"
EndProject
Project("{FAE04EC0-301F-11D3-BF4B-00C04F79EFBC}") = "SharedKernal", "SharedKernal\SharedKernal.csproj", "{BEA72686-F5B3-4C0A-97A3-4FFE298F64A6}"
EndProject
Project("{FAE04EC0-301F-11D3-BF4B-00C04F79EFBC}") = "Customers.BackgroundJobs", "Customers.BackgroundJobs\Customers.BackgroundJobs.csproj", "{5FB83B3F-87EA-47D1-99F2-6071209CB803}"
EndProject
Project("{2150E333-8FDC-42A3-9474-1A3956D46DE8}") = "WebApp", "WebApp", "{BCC3227B-328E-40B2-AA8F-1C264E9360EC}"
EndProject
Project("{FAE04EC0-301F-11D3-BF4B-00C04F79EFBC}") = "WebApp", "WebApp\WebApp.csproj", "{9BAABA7D-F1AE-46B9-B58E-9D1CCA418F6A}"
EndProject
Global
	GlobalSection(SolutionConfigurationPlatforms) = preSolution
		Debug|Any CPU = Debug|Any CPU
		Release|Any CPU = Release|Any CPU
	EndGlobalSection
	GlobalSection(ProjectConfigurationPlatforms) = postSolution
		{CB4673C6-A00E-42C9-ACBB-DFE4ED4711D8}.Debug|Any CPU.ActiveCfg = Debug|Any CPU
		{CB4673C6-A00E-42C9-ACBB-DFE4ED4711D8}.Debug|Any CPU.Build.0 = Debug|Any CPU
		{CB4673C6-A00E-42C9-ACBB-DFE4ED4711D8}.Release|Any CPU.ActiveCfg = Release|Any CPU
		{CB4673C6-A00E-42C9-ACBB-DFE4ED4711D8}.Release|Any CPU.Build.0 = Release|Any CPU
		{AD605DDD-3A3F-4059-BBF1-A886C723F3C2}.Debug|Any CPU.ActiveCfg = Debug|Any CPU
		{AD605DDD-3A3F-4059-BBF1-A886C723F3C2}.Debug|Any CPU.Build.0 = Debug|Any CPU
		{AD605DDD-3A3F-4059-BBF1-A886C723F3C2}.Release|Any CPU.ActiveCfg = Release|Any CPU
		{AD605DDD-3A3F-4059-BBF1-A886C723F3C2}.Release|Any CPU.Build.0 = Release|Any CPU
		{472CDDD3-17B9-41AB-83F4-7FD3E6969AF2}.Debug|Any CPU.ActiveCfg = Debug|Any CPU
		{472CDDD3-17B9-41AB-83F4-7FD3E6969AF2}.Debug|Any CPU.Build.0 = Debug|Any CPU
		{472CDDD3-17B9-41AB-83F4-7FD3E6969AF2}.Release|Any CPU.ActiveCfg = Release|Any CPU
		{472CDDD3-17B9-41AB-83F4-7FD3E6969AF2}.Release|Any CPU.Build.0 = Release|Any CPU
		{1E0F7C23-8040-4C60-B373-F8DC34B0343E}.Debug|Any CPU.ActiveCfg = Debug|Any CPU
		{1E0F7C23-8040-4C60-B373-F8DC34B0343E}.Debug|Any CPU.Build.0 = Debug|Any CPU
		{1E0F7C23-8040-4C60-B373-F8DC34B0343E}.Release|Any CPU.ActiveCfg = Release|Any CPU
		{1E0F7C23-8040-4C60-B373-F8DC34B0343E}.Release|Any CPU.Build.0 = Release|Any CPU
		{29E651D2-B772-40AC-9667-2C0A88F39A19}.Debug|Any CPU.ActiveCfg = Debug|Any CPU
		{29E651D2-B772-40AC-9667-2C0A88F39A19}.Debug|Any CPU.Build.0 = Debug|Any CPU
		{29E651D2-B772-40AC-9667-2C0A88F39A19}.Release|Any CPU.ActiveCfg = Release|Any CPU
		{29E651D2-B772-40AC-9667-2C0A88F39A19}.Release|Any CPU.Build.0 = Release|Any CPU
		{84CFBDB6-F5D6-4DF0-8FA5-1A13ADE2499C}.Debug|Any CPU.ActiveCfg = Debug|Any CPU
		{84CFBDB6-F5D6-4DF0-8FA5-1A13ADE2499C}.Debug|Any CPU.Build.0 = Debug|Any CPU
		{84CFBDB6-F5D6-4DF0-8FA5-1A13ADE2499C}.Release|Any CPU.ActiveCfg = Release|Any CPU
		{84CFBDB6-F5D6-4DF0-8FA5-1A13ADE2499C}.Release|Any CPU.Build.0 = Release|Any CPU
		{0EA95E7C-D077-4F72-90CF-F1B8E9ABF600}.Debug|Any CPU.ActiveCfg = Debug|Any CPU
		{0EA95E7C-D077-4F72-90CF-F1B8E9ABF600}.Debug|Any CPU.Build.0 = Debug|Any CPU
		{0EA95E7C-D077-4F72-90CF-F1B8E9ABF600}.Release|Any CPU.ActiveCfg = Release|Any CPU
		{0EA95E7C-D077-4F72-90CF-F1B8E9ABF600}.Release|Any CPU.Build.0 = Release|Any CPU
		{24D27A4E-D1BA-4F1A-A22E-E784180D9EA0}.Debug|Any CPU.ActiveCfg = Debug|Any CPU
		{24D27A4E-D1BA-4F1A-A22E-E784180D9EA0}.Debug|Any CPU.Build.0 = Debug|Any CPU
		{24D27A4E-D1BA-4F1A-A22E-E784180D9EA0}.Release|Any CPU.ActiveCfg = Release|Any CPU
		{24D27A4E-D1BA-4F1A-A22E-E784180D9EA0}.Release|Any CPU.Build.0 = Release|Any CPU
		{2D98024A-7B10-427E-A43F-C5783E8432E5}.Debug|Any CPU.ActiveCfg = Debug|Any CPU
		{2D98024A-7B10-427E-A43F-C5783E8432E5}.Debug|Any CPU.Build.0 = Debug|Any CPU
		{2D98024A-7B10-427E-A43F-C5783E8432E5}.Release|Any CPU.ActiveCfg = Release|Any CPU
		{2D98024A-7B10-427E-A43F-C5783E8432E5}.Release|Any CPU.Build.0 = Release|Any CPU
		{359521CA-F8ED-4785-9699-7DEFFC07D429}.Debug|Any CPU.ActiveCfg = Debug|Any CPU
		{359521CA-F8ED-4785-9699-7DEFFC07D429}.Debug|Any CPU.Build.0 = Debug|Any CPU
		{359521CA-F8ED-4785-9699-7DEFFC07D429}.Release|Any CPU.ActiveCfg = Release|Any CPU
		{359521CA-F8ED-4785-9699-7DEFFC07D429}.Release|Any CPU.Build.0 = Release|Any CPU
		{A952CB09-F450-47CC-9144-3779C5C4716E}.Debug|Any CPU.ActiveCfg = Debug|Any CPU
		{A952CB09-F450-47CC-9144-3779C5C4716E}.Debug|Any CPU.Build.0 = Debug|Any CPU
		{A952CB09-F450-47CC-9144-3779C5C4716E}.Release|Any CPU.ActiveCfg = Release|Any CPU
		{A952CB09-F450-47CC-9144-3779C5C4716E}.Release|Any CPU.Build.0 = Release|Any CPU
		{EAAFADFC-5312-467E-B87F-B5CA98B71B64}.Debug|Any CPU.ActiveCfg = Debug|Any CPU
		{EAAFADFC-5312-467E-B87F-B5CA98B71B64}.Debug|Any CPU.Build.0 = Debug|Any CPU
		{EAAFADFC-5312-467E-B87F-B5CA98B71B64}.Release|Any CPU.ActiveCfg = Release|Any CPU
		{EAAFADFC-5312-467E-B87F-B5CA98B71B64}.Release|Any CPU.Build.0 = Release|Any CPU
		{BEA72686-F5B3-4C0A-97A3-4FFE298F64A6}.Debug|Any CPU.ActiveCfg = Debug|Any CPU
		{BEA72686-F5B3-4C0A-97A3-4FFE298F64A6}.Debug|Any CPU.Build.0 = Debug|Any CPU
		{BEA72686-F5B3-4C0A-97A3-4FFE298F64A6}.Release|Any CPU.ActiveCfg = Release|Any CPU
		{BEA72686-F5B3-4C0A-97A3-4FFE298F64A6}.Release|Any CPU.Build.0 = Release|Any CPU
		{5FB83B3F-87EA-47D1-99F2-6071209CB803}.Debug|Any CPU.ActiveCfg = Debug|Any CPU
		{5FB83B3F-87EA-47D1-99F2-6071209CB803}.Debug|Any CPU.Build.0 = Debug|Any CPU
		{5FB83B3F-87EA-47D1-99F2-6071209CB803}.Release|Any CPU.ActiveCfg = Release|Any CPU
		{5FB83B3F-87EA-47D1-99F2-6071209CB803}.Release|Any CPU.Build.0 = Release|Any CPU
		{9BAABA7D-F1AE-46B9-B58E-9D1CCA418F6A}.Debug|Any CPU.ActiveCfg = Debug|Any CPU
		{9BAABA7D-F1AE-46B9-B58E-9D1CCA418F6A}.Debug|Any CPU.Build.0 = Debug|Any CPU
		{9BAABA7D-F1AE-46B9-B58E-9D1CCA418F6A}.Release|Any CPU.ActiveCfg = Release|Any CPU
		{9BAABA7D-F1AE-46B9-B58E-9D1CCA418F6A}.Release|Any CPU.Build.0 = Release|Any CPU
	EndGlobalSection
	GlobalSection(NestedProjects) = preSolution
		{CB4673C6-A00E-42C9-ACBB-DFE4ED4711D8} = {2805B02B-EED0-42F3-93AA-EC90DE9149B2}
		{AD605DDD-3A3F-4059-BBF1-A886C723F3C2} = {2805B02B-EED0-42F3-93AA-EC90DE9149B2}
		{472CDDD3-17B9-41AB-83F4-7FD3E6969AF2} = {2805B02B-EED0-42F3-93AA-EC90DE9149B2}
		{1E0F7C23-8040-4C60-B373-F8DC34B0343E} = {2805B02B-EED0-42F3-93AA-EC90DE9149B2}
		{29E651D2-B772-40AC-9667-2C0A88F39A19} = {2805B02B-EED0-42F3-93AA-EC90DE9149B2}
		{84CFBDB6-F5D6-4DF0-8FA5-1A13ADE2499C} = {2805B02B-EED0-42F3-93AA-EC90DE9149B2}
		{0EA95E7C-D077-4F72-90CF-F1B8E9ABF600} = {00ED5F69-CABC-4F56-AEED-EE1994E28489}
		{24D27A4E-D1BA-4F1A-A22E-E784180D9EA0} = {00ED5F69-CABC-4F56-AEED-EE1994E28489}
		{2D98024A-7B10-427E-A43F-C5783E8432E5} = {00ED5F69-CABC-4F56-AEED-EE1994E28489}
		{359521CA-F8ED-4785-9699-7DEFFC07D429} = {00ED5F69-CABC-4F56-AEED-EE1994E28489}
		{A952CB09-F450-47CC-9144-3779C5C4716E} = {00ED5F69-CABC-4F56-AEED-EE1994E28489}
		{EAAFADFC-5312-467E-B87F-B5CA98B71B64} = {00ED5F69-CABC-4F56-AEED-EE1994E28489}
		{5FB83B3F-87EA-47D1-99F2-6071209CB803} = {2805B02B-EED0-42F3-93AA-EC90DE9149B2}
		{9BAABA7D-F1AE-46B9-B58E-9D1CCA418F6A} = {BCC3227B-328E-40B2-AA8F-1C264E9360EC}
	EndGlobalSection
EndGlobal
